
Microsoft Visual Studio Solution File, Format Version 12.00
# Visual Studio Version 16
VisualStudioVersion = 16.0.31112.23
MinimumVisualStudioVersion = 10.0.40219.1
Project("{FAE04EC0-301F-11D3-BF4B-00C04F79EFBC}") = "PhysicsBooster", "PhysicsBooster\PhysicsBooster.csproj", "{32584B7D-E857-4545-BBC5-A697F23E1505}"
EndProject
Global
	GlobalSection(SolutionConfigurationPlatforms) = preSolution
		Debug|Any CPU = Debug|Any CPU
		Release|Any CPU = Release|Any CPU
	EndGlobalSection
	GlobalSection(ProjectConfigurationPlatforms) = postSolution
		{32584B7D-E857-4545-BBC5-A697F23E1505}.Debug|Any CPU.ActiveCfg = Debug|Any CPU
		{32584B7D-E857-4545-BBC5-A697F23E1505}.Debug|Any CPU.Build.0 = Debug|Any CPU
		{32584B7D-E857-4545-BBC5-A697F23E1505}.Release|Any CPU.ActiveCfg = Release|Any CPU
		{32584B7D-E857-4545-BBC5-A697F23E1505}.Release|Any CPU.Build.0 = Release|Any CPU
	EndGlobalSection
	GlobalSection(SolutionProperties) = preSolution
		HideSolutionNode = FALSE
	EndGlobalSection
	GlobalSection(ExtensibilityGlobals) = postSolution
		SolutionGuid = {6325EBA1-EB5D-4007-BBF6-4F26B8A06C33}
	EndGlobalSection
EndGlobal
